
Microsoft Visual Studio Solution File, Format Version 12.00
# Visual Studio 15
VisualStudioVersion = 15.0.27130.2024
MinimumVisualStudioVersion = 10.0.40219.1
Project("{FAE04EC0-301F-11D3-BF4B-00C04F79EFBC}") = "DIHMT", "DIHMT\DIHMT.csproj", "{84A6B3BB-8EE9-43D3-9EDE-41D5384058EF}"
EndProject
Global
	GlobalSection(SolutionConfigurationPlatforms) = preSolution
		Debug|Any CPU = Debug|Any CPU
		Release|Any CPU = Release|Any CPU
	EndGlobalSection
	GlobalSection(ProjectConfigurationPlatforms) = postSolution
		{84A6B3BB-8EE9-43D3-9EDE-41D5384058EF}.Debug|Any CPU.ActiveCfg = Debug|Any CPU
		{84A6B3BB-8EE9-43D3-9EDE-41D5384058EF}.Debug|Any CPU.Build.0 = Debug|Any CPU
		{84A6B3BB-8EE9-43D3-9EDE-41D5384058EF}.Release|Any CPU.ActiveCfg = Release|Any CPU
		{84A6B3BB-8EE9-43D3-9EDE-41D5384058EF}.Release|Any CPU.Build.0 = Release|Any CPU
	EndGlobalSection
	GlobalSection(SolutionProperties) = preSolution
		HideSolutionNode = FALSE
	EndGlobalSection
	GlobalSection(ExtensibilityGlobals) = postSolution
		SolutionGuid = {B142E321-45FC-49B2-9580-6C809EF01EE3}
	EndGlobalSection
EndGlobal
