
Microsoft Visual Studio Solution File, Format Version 12.00
# Visual Studio 15
VisualStudioVersion = 15.0.26730.16
MinimumVisualStudioVersion = 10.0.40219.1
Project("{FAE04EC0-301F-11D3-BF4B-00C04F79EFBC}") = "DIHMT", "DIHMT\DIHMT.csproj", "{84A6B3BB-8EE9-43D3-9EDE-41D5384058EF}"
EndProject
Project("{FAE04EC0-301F-11D3-BF4B-00C04F79EFBC}") = "DIHMT.Tests", "DIHMT.Tests\DIHMT.Tests.csproj", "{25939D9C-9B09-4046-94CF-6E6A99FFC907}"
EndProject
Project("{FAE04EC0-301F-11D3-BF4B-00C04F79EFBC}") = "RateLimiting", "RateLimiting\RateLimiting.csproj", "{860E607A-019A-4D9D-8E07-BD7FE43BE4AE}"
EndProject
Global
	GlobalSection(SolutionConfigurationPlatforms) = preSolution
		Debug|Any CPU = Debug|Any CPU
		Release|Any CPU = Release|Any CPU
	EndGlobalSection
	GlobalSection(ProjectConfigurationPlatforms) = postSolution
		{84A6B3BB-8EE9-43D3-9EDE-41D5384058EF}.Debug|Any CPU.ActiveCfg = Debug|Any CPU
		{84A6B3BB-8EE9-43D3-9EDE-41D5384058EF}.Debug|Any CPU.Build.0 = Debug|Any CPU
		{84A6B3BB-8EE9-43D3-9EDE-41D5384058EF}.Release|Any CPU.ActiveCfg = Release|Any CPU
		{84A6B3BB-8EE9-43D3-9EDE-41D5384058EF}.Release|Any CPU.Build.0 = Release|Any CPU
		{25939D9C-9B09-4046-94CF-6E6A99FFC907}.Debug|Any CPU.ActiveCfg = Debug|Any CPU
		{25939D9C-9B09-4046-94CF-6E6A99FFC907}.Debug|Any CPU.Build.0 = Debug|Any CPU
		{25939D9C-9B09-4046-94CF-6E6A99FFC907}.Release|Any CPU.ActiveCfg = Release|Any CPU
		{25939D9C-9B09-4046-94CF-6E6A99FFC907}.Release|Any CPU.Build.0 = Release|Any CPU
		{860E607A-019A-4D9D-8E07-BD7FE43BE4AE}.Debug|Any CPU.ActiveCfg = Debug|Any CPU
		{860E607A-019A-4D9D-8E07-BD7FE43BE4AE}.Debug|Any CPU.Build.0 = Debug|Any CPU
		{860E607A-019A-4D9D-8E07-BD7FE43BE4AE}.Release|Any CPU.ActiveCfg = Release|Any CPU
		{860E607A-019A-4D9D-8E07-BD7FE43BE4AE}.Release|Any CPU.Build.0 = Release|Any CPU
	EndGlobalSection
	GlobalSection(SolutionProperties) = preSolution
		HideSolutionNode = FALSE
	EndGlobalSection
	GlobalSection(ExtensibilityGlobals) = postSolution
		SolutionGuid = {B142E321-45FC-49B2-9580-6C809EF01EE3}
	EndGlobalSection
EndGlobal
